{
  "lockfile_version": "1",
  "packages": {
    "github:NixOS/nixpkgs/nixpkgs-unstable": {
      "last_modified": "2026-04-23T13:07:47Z",
      "resolved": "github:NixOS/nixpkgs/01fbdeef22b76df85ea168fbfe1bfd9e63681b30?lastModified=1776949667&narHash=sha256-GMSVw35Q%2B294GlrTUKlx087E31z7KurReQ1YHSKp5iw%3D"
    },
    "just@latest": {
      "last_modified": "2026-05-12T01:56:55Z",
      "resolved": "github:NixOS/nixpkgs/0a0bf409f3593f415d0a554f33acc63dc7dccb43#just",
      "source": "devbox-search",
      "version": "1.51.0",
      "systems": {
        "aarch64-darwin": {
          "outputs": [
            {
              "name": "out",
              "path": "/nix/store/c9vv24f9bdnhnms10nwijn6q8wjz00ak-just-1.51.0",
              "default": true
            },
            {
              "name": "man",
              "path": "/nix/store/lxfs1naxd1a3934y9xsd1kid5yyw7jbn-just-1.51.0-man",
              "default": true
            },
            {
              "name": "doc",
              "path": "/nix/store/c8jdzd2s7hbldm1q1glrjisavxy1vf54-just-1.51.0-doc"
            }
          ],
          "store_path": "/nix/store/c9vv24f9bdnhnms10nwijn6q8wjz00ak-just-1.51.0"
        },
        "aarch64-linux": {
          "outputs": [
            {
              "name": "out",
              "path": "/nix/store/ljwadwqsib4zd6nvg6xi5rnzah9ad2q4-just-1.51.0",
              "default": true
            },
            {
              "name": "man",
              "path": "/nix/store/5m9rgkzibz19za2nmn83y9l5gsy2z1yh-just-1.51.0-man",
              "default": true
            },
            {
              "name": "doc",
              "path": "/nix/store/q80cv2gjn2q640fvsqgdj6ap2iihxwg9-just-1.51.0-doc"
            }
          ],
          "store_path": "/nix/store/ljwadwqsib4zd6nvg6xi5rnzah9ad2q4-just-1.51.0"
        },
        "x86_64-darwin": {
          "outputs": [
            {
              "name": "out",
              "path": "/nix/store/w0capgph40qykn19a9ghv38fjf06gg97-just-1.51.0",
              "default": true
            },
            {
              "name": "man",
              "path": "/nix/store/97jyxj8d9d4qjq25681ng88jnbdak1dx-just-1.51.0-man",
              "default": true
            },
            {
              "name": "doc",
              "path": "/nix/store/p8pb01d5w82lf8z0ah4kcc6ziwfvxfkr-just-1.51.0-doc"
            }
          ],
          "store_path": "/nix/store/w0capgph40qykn19a9ghv38fjf06gg97-just-1.51.0"
        },
        "x86_64-linux": {
          "outputs": [
            {
              "name": "out",
              "path": "/nix/store/zn7n9xnw5vx6cqf1az8b8p1pfsmrl9vw-just-1.51.0",
              "default": true
            },
            {
              "name": "man",
              "path": "/nix/store/mgc1wdhgkc9246s9a52j17ymw4745bal-just-1.51.0-man",
              "default": true
            },
            {
              "name": "doc",
              "path": "/nix/store/mkdym7bscwpn6y6dvzrblm5p87q9c2g0-just-1.51.0-doc"
            }
          ],
          "store_path": "/nix/store/zn7n9xnw5vx6cqf1az8b8p1pfsmrl9vw-just-1.51.0"
        }
      }
    },
    "libiconv@latest": {
      "last_modified": "2026-04-23T13:07:47Z",
      "resolved": "github:NixOS/nixpkgs/01fbdeef22b76df85ea168fbfe1bfd9e63681b30#libiconv",
      "source": "devbox-search",
      "version": "2.42",
      "systems": {
        "aarch64-linux": {
          "outputs": [
            {
              "name": "out",
              "path": "/nix/store/c50acz37vakcwnxs544m9rbc0ihkpc22-glibc-iconv-2.42",
              "default": true
            }
          ],
          "store_path": "/nix/store/c50acz37vakcwnxs544m9rbc0ihkpc22-glibc-iconv-2.42"
        },
        "x86_64-linux": {
          "outputs": [
            {
              "name": "out",
              "path": "/nix/store/5722rfnbamx35h5df4wlvlqrmvmaan7i-glibc-iconv-2.42",
              "default": true
            }
          ],
          "store_path": "/nix/store/5722rfnbamx35h5df4wlvlqrmvmaan7i-glibc-iconv-2.42"
        }
      }
    },
    "rustup@latest": {
      "last_modified": "2026-04-23T13:07:47Z",
      "plugin_version": "0.0.1",
      "resolved": "github:NixOS/nixpkgs/01fbdeef22b76df85ea168fbfe1bfd9e63681b30#rustup",
      "source": "devbox-search",
      "version": "1.29.0",
      "systems": {
        "aarch64-darwin": {
          "outputs": [
            {
              "name": "out",
              "path": "/nix/store/zviv90gxv3gpnr05gsvyq81v45y58312-rustup-1.29.0",
              "default": true
            }
          ],
          "store_path": "/nix/store/zviv90gxv3gpnr05gsvyq81v45y58312-rustup-1.29.0"
        },
        "aarch64-linux": {
          "outputs": [
            {
              "name": "out",
              "path": "/nix/store/d75lzy3my3nznkr4lan25qlglzj9dinc-rustup-1.29.0",
              "default": true
            }
          ],
          "store_path": "/nix/store/d75lzy3my3nznkr4lan25qlglzj9dinc-rustup-1.29.0"
        },
        "x86_64-darwin": {
          "outputs": [
            {
              "name": "out",
              "path": "/nix/store/927rnc4yvpas5rgsmm1ymih8vv3pivds-rustup-1.29.0",
              "default": true
            }
          ],
          "store_path": "/nix/store/927rnc4yvpas5rgsmm1ymih8vv3pivds-rustup-1.29.0"
        },
        "x86_64-linux": {
          "outputs": [
            {
              "name": "out",
              "path": "/nix/store/xiy3ydpzw5bdqqd7ri8qbg3bn4r2qxg1-rustup-1.29.0",
              "default": true
            }
          ],
          "store_path": "/nix/store/xiy3ydpzw5bdqqd7ri8qbg3bn4r2qxg1-rustup-1.29.0"
        }
      }
    }
  }
}
