{
  "lockfile_version": "1",
  "packages": {
    "github:NixOS/nixpkgs/nixpkgs-unstable": {
      "last_modified": "2026-04-23T13:07:47Z",
      "resolved": "github:NixOS/nixpkgs/01fbdeef22b76df85ea168fbfe1bfd9e63681b30?lastModified=1776949667&narHash=sha256-GMSVw35Q%2B294GlrTUKlx087E31z7KurReQ1YHSKp5iw%3D"
    },
    "libiconv@latest": {
      "last_modified": "2026-04-23T13:07:47Z",
      "resolved": "github:NixOS/nixpkgs/01fbdeef22b76df85ea168fbfe1bfd9e63681b30#libiconv",
      "source": "devbox-search",
      "version": "2.42",
      "systems": {
        "aarch64-linux": {
          "outputs": [
            {
              "name": "out",
              "path": "/nix/store/c50acz37vakcwnxs544m9rbc0ihkpc22-glibc-iconv-2.42",
              "default": true
            }
          ],
          "store_path": "/nix/store/c50acz37vakcwnxs544m9rbc0ihkpc22-glibc-iconv-2.42"
        },
        "x86_64-linux": {
          "outputs": [
            {
              "name": "out",
              "path": "/nix/store/5722rfnbamx35h5df4wlvlqrmvmaan7i-glibc-iconv-2.42",
              "default": true
            }
          ],
          "store_path": "/nix/store/5722rfnbamx35h5df4wlvlqrmvmaan7i-glibc-iconv-2.42"
        }
      }
    },
    "rustup@latest": {
      "last_modified": "2026-04-23T13:07:47Z",
      "plugin_version": "0.0.1",
      "resolved": "github:NixOS/nixpkgs/01fbdeef22b76df85ea168fbfe1bfd9e63681b30#rustup",
      "source": "devbox-search",
      "version": "1.29.0",
      "systems": {
        "aarch64-darwin": {
          "outputs": [
            {
              "name": "out",
              "path": "/nix/store/zviv90gxv3gpnr05gsvyq81v45y58312-rustup-1.29.0",
              "default": true
            }
          ],
          "store_path": "/nix/store/zviv90gxv3gpnr05gsvyq81v45y58312-rustup-1.29.0"
        },
        "aarch64-linux": {
          "outputs": [
            {
              "name": "out",
              "path": "/nix/store/d75lzy3my3nznkr4lan25qlglzj9dinc-rustup-1.29.0",
              "default": true
            }
          ],
          "store_path": "/nix/store/d75lzy3my3nznkr4lan25qlglzj9dinc-rustup-1.29.0"
        },
        "x86_64-darwin": {
          "outputs": [
            {
              "name": "out",
              "path": "/nix/store/927rnc4yvpas5rgsmm1ymih8vv3pivds-rustup-1.29.0",
              "default": true
            }
          ],
          "store_path": "/nix/store/927rnc4yvpas5rgsmm1ymih8vv3pivds-rustup-1.29.0"
        },
        "x86_64-linux": {
          "outputs": [
            {
              "name": "out",
              "path": "/nix/store/xiy3ydpzw5bdqqd7ri8qbg3bn4r2qxg1-rustup-1.29.0",
              "default": true
            }
          ],
          "store_path": "/nix/store/xiy3ydpzw5bdqqd7ri8qbg3bn4r2qxg1-rustup-1.29.0"
        }
      }
    }
  }
}
